{
  "version": 4,
  "terraform_version": "1.13.5",
  "serial": 86,
  "lineage": "75753f5d-2c77-c0f4-f4dc-b11938d84c10",
  "outputs": {
    "app_gateway_public_ip": {
      "value": "172.171.0.99",
      "type": "string"
    },
    "vm_public_ip": {
      "value": "172.202.34.175",
      "type": "string"
    }
  },
  "resources": [
    {
      "mode": "managed",
      "type": "azurerm_linux_virtual_machine",
      "name": "vm",
      "provider": "provider[\"registry.terraform.io/hashicorp/azurerm\"]",
      "instances": [
        {
          "schema_version": 0,
          "attributes": {
            "additional_capabilities": [],
            "admin_password": null,
            "admin_ssh_key": [
              {
                "public_key": "ssh-rsa AAAAB3NzaC1yc2EAAAADAQABAAACAQDNEa0LDSEv6PH1fGsnYpeg3gIy+/ZBCdsrqhHo6l/nBFTsNEqhS6VMuV1cSr/R4XFSsRRRm+mpGzYSIqSOC7DMnjGtQolD5BCIZnC5Naz3n8GggW/7kDTPLBCFQ0VAUcM2+OhglhqJadA13WEmhjmjBsPuicvPMEpcFygQKYDsXWRbv20tPFDJn2YUe+ZCZv5hFRhWDYKWHd2gseVXDP3WcxQ77IBdw9V6pPolc/IE44YR8RiRjK7f9lV2q8FWskuKW8f39LLPPe7lFS6QQbvwTf0CWBjQBZtnbIpCcPHBzJtuG58fLg4rGGTQVb365j76H5MNrY+VRbG7MITQhh20K9qJz/OhWdeZnYRwR9xm7o+QcEeQ40Qb+8B6N5aGRZDWE4/5xTW5/R/xk/Wkn9DNVuf+VXY3NwOB+ausW+oaUsyuQBDGxHqEztJfbY2V+t/VY3QdQTHkFmtfOHg4kq4BlXwS4LLHtyuWGX6s95KfL1/tR5dKpVEu0VifdeYO7B9cNgJ1gP7AM45Kjw5VkJY41qYGCY4BbooAOVfe11hZxClCISBJ7qtqZ/BD11sR+6WIhtRyjHDeSzefjHg4cahgjAN0XJnXgDuUWxyJUqX+MD7RjpRl0oCS548Vy84ZrjkPnfwn0allpQVXVtPsbTesdXJFL+KMcxNlas8Pb0bfiw== thams@THAMSEER_47\r\n",
                "username": "azureuser"
              }
            ],
            "admin_username": "azureuser",
            "allow_extension_operations": true,
            "availability_set_id": "",
            "boot_diagnostics": [],
            "bypass_platform_safety_checks_on_user_schedule_enabled": false,
            "capacity_reservation_group_id": "",
            "computer_name": "vm-k3s",
            "custom_data": null,
            "dedicated_host_group_id": "",
            "dedicated_host_id": "",
            "disable_password_authentication": true,
            "disk_controller_type": "",
            "edge_zone": "",
            "encryption_at_host_enabled": false,
            "eviction_policy": "",
            "extensions_time_budget": "PT1H30M",
            "gallery_application": [],
            "id": "/subscriptions/bff7c565-ed2e-48c9-bd8d-9285d45dca59/resourceGroups/rg-app/providers/Microsoft.Compute/virtualMachines/vm-k3s",
            "identity": [],
            "license_type": "",
            "location": "centralus",
            "max_bid_price": -1,
            "name": "vm-k3s",
            "network_interface_ids": [
              "/subscriptions/bff7c565-ed2e-48c9-bd8d-9285d45dca59/resourceGroups/rg-app/providers/Microsoft.Network/networkInterfaces/nic-vm"
            ],
            "os_disk": [
              {
                "caching": "ReadWrite",
                "diff_disk_settings": [],
                "disk_encryption_set_id": "",
                "disk_size_gb": 30,
                "name": "osdisk-k3s",
                "secure_vm_disk_encryption_set_id": "",
                "security_encryption_type": "",
                "storage_account_type": "Standard_LRS",
                "write_accelerator_enabled": false
              }
            ],
            "os_image_notification": [],
            "patch_assessment_mode": "ImageDefault",
            "patch_mode": "ImageDefault",
            "plan": [],
            "platform_fault_domain": -1,
            "priority": "Regular",
            "private_ip_address": "10.0.2.4",
            "private_ip_addresses": [
              "10.0.2.4"
            ],
            "provision_vm_agent": true,
            "proximity_placement_group_id": "",
            "public_ip_address": "172.202.34.175",
            "public_ip_addresses": [
              "172.202.34.175"
            ],
            "reboot_setting": "",
            "resource_group_name": "rg-app",
            "secret": [],
            "secure_boot_enabled": false,
            "size": "Standard_B1s",
            "source_image_id": "",
            "source_image_reference": [
              {
                "offer": "0001-com-ubuntu-server-jammy",
                "publisher": "Canonical",
                "sku": "22_04-lts",
                "version": "latest"
              }
            ],
            "tags": {},
            "termination_notification": [],
            "timeouts": null,
            "user_data": "",
            "virtual_machine_id": "f90696c7-8d2b-4711-aadc-dde78f840150",
            "virtual_machine_scale_set_id": "",
            "vm_agent_platform_updates_enabled": false,
            "vtpm_enabled": false,
            "zone": ""
          },
          "sensitive_attributes": [
            [
              {
                "type": "get_attr",
                "value": "admin_password"
              }
            ],
            [
              {
                "type": "get_attr",
                "value": "custom_data"
              }
            ]
          ],
          "identity_schema_version": 0,
          "private": "eyJlMmJmYjczMC1lY2FhLTExZTYtOGY4OC0zNDM2M2JjN2M0YzAiOnsiY3JlYXRlIjoyNzAwMDAwMDAwMDAwLCJkZWxldGUiOjI3MDAwMDAwMDAwMDAsInJlYWQiOjMwMDAwMDAwMDAwMCwidXBkYXRlIjoyNzAwMDAwMDAwMDAwfSwic2NoZW1hX3ZlcnNpb24iOiIwIn0=",
          "dependencies": [
            "azurerm_network_interface.nic",
            "azurerm_public_ip.vm_ip",
            "azurerm_resource_group.app",
            "azurerm_resource_group.network",
            "azurerm_subnet.subnet_vm",
            "azurerm_virtual_network.vnet"
          ]
        }
      ]
    },
    {
      "mode": "managed",
      "type": "azurerm_log_analytics_workspace",
      "name": "law",
      "provider": "provider[\"registry.terraform.io/hashicorp/azurerm\"]",
      "instances": [
        {
          "schema_version": 3,
          "attributes": {
            "allow_resource_only_permissions": true,
            "cmk_for_query_forced": false,
            "daily_quota_gb": -1,
            "data_collection_rule_id": "",
            "id": "/subscriptions/bff7c565-ed2e-48c9-bd8d-9285d45dca59/resourceGroups/rg-app/providers/Microsoft.OperationalInsights/workspaces/app-law",
            "identity": [],
            "immediate_data_purge_on_30_days_enabled": false,
            "internet_ingestion_enabled": true,
            "internet_query_enabled": true,
            "local_authentication_disabled": false,
            "location": "centralus",
            "name": "app-law",
            "primary_shared_key": "lbAL0WgC/qwHsYMyNdgYd3L644V9Es0UkMkQTVPgAXZa++c2PPE2mKhAhyGCg5qu2FWOau7iCd5mMO44c50rNw==",
            "reservation_capacity_in_gb_per_day": null,
            "resource_group_name": "rg-app",
            "retention_in_days": 30,
            "secondary_shared_key": "EynB+A/LByaZJvZZKTl+ve8X2IOeYrR8QFbQY1IMnn3Y8L0U9GX6pX4EGDr06XdFiQSEq1C8ksxOGpPTjroZfw==",
            "sku": "PerGB2018",
            "tags": {},
            "timeouts": null,
            "workspace_id": "56058537-22b1-4620-8ea8-916b22bb2e85"
          },
          "sensitive_attributes": [
            [
              {
                "type": "get_attr",
                "value": "primary_shared_key"
              }
            ],
            [
              {
                "type": "get_attr",
                "value": "secondary_shared_key"
              }
            ]
          ],
          "identity_schema_version": 0,
          "private": "eyJlMmJmYjczMC1lY2FhLTExZTYtOGY4OC0zNDM2M2JjN2M0YzAiOnsiY3JlYXRlIjoxODAwMDAwMDAwMDAwLCJkZWxldGUiOjE4MDAwMDAwMDAwMDAsInJlYWQiOjMwMDAwMDAwMDAwMCwidXBkYXRlIjoxODAwMDAwMDAwMDAwfSwic2NoZW1hX3ZlcnNpb24iOiIzIn0=",
          "dependencies": [
            "azurerm_resource_group.app"
          ]
        }
      ]
    },
    {
      "mode": "managed",
      "type": "azurerm_network_interface",
      "name": "nic",
      "provider": "provider[\"registry.terraform.io/hashicorp/azurerm\"]",
      "instances": [
        {
          "schema_version": 0,
          "attributes": {
            "accelerated_networking_enabled": false,
            "applied_dns_servers": [],
            "auxiliary_mode": "",
            "auxiliary_sku": "",
            "dns_servers": [],
            "edge_zone": "",
            "enable_accelerated_networking": false,
            "enable_ip_forwarding": false,
            "id": "/subscriptions/bff7c565-ed2e-48c9-bd8d-9285d45dca59/resourceGroups/rg-app/providers/Microsoft.Network/networkInterfaces/nic-vm",
            "internal_dns_name_label": "",
            "internal_domain_name_suffix": "ci4r0vqprhnu3ci52yhhnxosyb.gx.internal.cloudapp.net",
            "ip_configuration": [
              {
                "gateway_load_balancer_frontend_ip_configuration_id": "",
                "name": "vm-ipconfig",
                "primary": true,
                "private_ip_address": "10.0.2.4",
                "private_ip_address_allocation": "Dynamic",
                "private_ip_address_version": "IPv4",
                "public_ip_address_id": "/subscriptions/bff7c565-ed2e-48c9-bd8d-9285d45dca59/resourceGroups/rg-app/providers/Microsoft.Network/publicIPAddresses/vm-public-ip",
                "subnet_id": "/subscriptions/bff7c565-ed2e-48c9-bd8d-9285d45dca59/resourceGroups/rg-network/providers/Microsoft.Network/virtualNetworks/vnet-app/subnets/snet-vm"
              }
            ],
            "ip_forwarding_enabled": false,
            "location": "centralus",
            "mac_address": "7C-ED-8D-4D-9E-6F",
            "name": "nic-vm",
            "private_ip_address": "10.0.2.4",
            "private_ip_addresses": [
              "10.0.2.4"
            ],
            "resource_group_name": "rg-app",
            "tags": {},
            "timeouts": null,
            "virtual_machine_id": "/subscriptions/bff7c565-ed2e-48c9-bd8d-9285d45dca59/resourceGroups/rg-app/providers/Microsoft.Compute/virtualMachines/vm-k3s"
          },
          "sensitive_attributes": [],
          "identity_schema_version": 0,
          "private": "eyJlMmJmYjczMC1lY2FhLTExZTYtOGY4OC0zNDM2M2JjN2M0YzAiOnsiY3JlYXRlIjoxODAwMDAwMDAwMDAwLCJkZWxldGUiOjE4MDAwMDAwMDAwMDAsInJlYWQiOjMwMDAwMDAwMDAwMCwidXBkYXRlIjoxODAwMDAwMDAwMDAwfSwic2NoZW1hX3ZlcnNpb24iOiIwIn0=",
          "dependencies": [
            "azurerm_public_ip.vm_ip",
            "azurerm_resource_group.app",
            "azurerm_resource_group.network",
            "azurerm_subnet.subnet_vm",
            "azurerm_virtual_network.vnet"
          ]
        }
      ]
    },
    {
      "mode": "managed",
      "type": "azurerm_public_ip",
      "name": "appgw_ip",
      "provider": "provider[\"registry.terraform.io/hashicorp/azurerm\"]",
      "instances": [
        {
          "schema_version": 0,
          "attributes": {
            "allocation_method": "Static",
            "ddos_protection_mode": "VirtualNetworkInherited",
            "ddos_protection_plan_id": null,
            "domain_name_label": null,
            "edge_zone": "",
            "fqdn": null,
            "id": "/subscriptions/bff7c565-ed2e-48c9-bd8d-9285d45dca59/resourceGroups/rg-appgw/providers/Microsoft.Network/publicIPAddresses/appgw-public-ip",
            "idle_timeout_in_minutes": 4,
            "ip_address": "172.171.0.99",
            "ip_tags": {},
            "ip_version": "IPv4",
            "location": "centralus",
            "name": "appgw-public-ip",
            "public_ip_prefix_id": null,
            "resource_group_name": "rg-appgw",
            "reverse_fqdn": null,
            "sku": "Standard",
            "sku_tier": "Regional",
            "tags": {},
            "timeouts": null,
            "zones": []
          },
          "sensitive_attributes": [],
          "identity_schema_version": 0,
          "private": "eyJlMmJmYjczMC1lY2FhLTExZTYtOGY4OC0zNDM2M2JjN2M0YzAiOnsiY3JlYXRlIjoxODAwMDAwMDAwMDAwLCJkZWxldGUiOjE4MDAwMDAwMDAwMDAsInJlYWQiOjMwMDAwMDAwMDAwMCwidXBkYXRlIjoxODAwMDAwMDAwMDAwfSwic2NoZW1hX3ZlcnNpb24iOiIwIn0=",
          "dependencies": [
            "azurerm_resource_group.appgw"
          ]
        }
      ]
    },
    {
      "mode": "managed",
      "type": "azurerm_public_ip",
      "name": "vm_ip",
      "provider": "provider[\"registry.terraform.io/hashicorp/azurerm\"]",
      "instances": [
        {
          "schema_version": 0,
          "attributes": {
            "allocation_method": "Static",
            "ddos_protection_mode": "VirtualNetworkInherited",
            "ddos_protection_plan_id": null,
            "domain_name_label": null,
            "edge_zone": "",
            "fqdn": null,
            "id": "/subscriptions/bff7c565-ed2e-48c9-bd8d-9285d45dca59/resourceGroups/rg-app/providers/Microsoft.Network/publicIPAddresses/vm-public-ip",
            "idle_timeout_in_minutes": 4,
            "ip_address": "172.202.34.175",
            "ip_tags": {},
            "ip_version": "IPv4",
            "location": "centralus",
            "name": "vm-public-ip",
            "public_ip_prefix_id": null,
            "resource_group_name": "rg-app",
            "reverse_fqdn": null,
            "sku": "Standard",
            "sku_tier": "Regional",
            "tags": {},
            "timeouts": null,
            "zones": []
          },
          "sensitive_attributes": [],
          "identity_schema_version": 0,
          "private": "eyJlMmJmYjczMC1lY2FhLTExZTYtOGY4OC0zNDM2M2JjN2M0YzAiOnsiY3JlYXRlIjoxODAwMDAwMDAwMDAwLCJkZWxldGUiOjE4MDAwMDAwMDAwMDAsInJlYWQiOjMwMDAwMDAwMDAwMCwidXBkYXRlIjoxODAwMDAwMDAwMDAwfSwic2NoZW1hX3ZlcnNpb24iOiIwIn0=",
          "dependencies": [
            "azurerm_resource_group.app"
          ]
        }
      ]
    },
    {
      "mode": "managed",
      "type": "azurerm_resource_group",
      "name": "app",
      "provider": "provider[\"registry.terraform.io/hashicorp/azurerm\"]",
      "instances": [
        {
          "schema_version": 0,
          "attributes": {
            "id": "/subscriptions/bff7c565-ed2e-48c9-bd8d-9285d45dca59/resourceGroups/rg-app",
            "location": "centralus",
            "managed_by": "",
            "name": "rg-app",
            "tags": {},
            "timeouts": null
          },
          "sensitive_attributes": [],
          "identity_schema_version": 0,
          "private": "eyJlMmJmYjczMC1lY2FhLTExZTYtOGY4OC0zNDM2M2JjN2M0YzAiOnsiY3JlYXRlIjo1NDAwMDAwMDAwMDAwLCJkZWxldGUiOjU0MDAwMDAwMDAwMDAsInJlYWQiOjMwMDAwMDAwMDAwMCwidXBkYXRlIjo1NDAwMDAwMDAwMDAwfX0="
        }
      ]
    },
    {
      "mode": "managed",
      "type": "azurerm_resource_group",
      "name": "appgw",
      "provider": "provider[\"registry.terraform.io/hashicorp/azurerm\"]",
      "instances": [
        {
          "schema_version": 0,
          "attributes": {
            "id": "/subscriptions/bff7c565-ed2e-48c9-bd8d-9285d45dca59/resourceGroups/rg-appgw",
            "location": "centralus",
            "managed_by": "",
            "name": "rg-appgw",
            "tags": {},
            "timeouts": null
          },
          "sensitive_attributes": [],
          "identity_schema_version": 0,
          "private": "eyJlMmJmYjczMC1lY2FhLTExZTYtOGY4OC0zNDM2M2JjN2M0YzAiOnsiY3JlYXRlIjo1NDAwMDAwMDAwMDAwLCJkZWxldGUiOjU0MDAwMDAwMDAwMDAsInJlYWQiOjMwMDAwMDAwMDAwMCwidXBkYXRlIjo1NDAwMDAwMDAwMDAwfX0="
        }
      ]
    },
    {
      "mode": "managed",
      "type": "azurerm_resource_group",
      "name": "network",
      "provider": "provider[\"registry.terraform.io/hashicorp/azurerm\"]",
      "instances": [
        {
          "schema_version": 0,
          "attributes": {
            "id": "/subscriptions/bff7c565-ed2e-48c9-bd8d-9285d45dca59/resourceGroups/rg-network",
            "location": "centralus",
            "managed_by": "",
            "name": "rg-network",
            "tags": {},
            "timeouts": null
          },
          "sensitive_attributes": [],
          "identity_schema_version": 0,
          "private": "eyJlMmJmYjczMC1lY2FhLTExZTYtOGY4OC0zNDM2M2JjN2M0YzAiOnsiY3JlYXRlIjo1NDAwMDAwMDAwMDAwLCJkZWxldGUiOjU0MDAwMDAwMDAwMDAsInJlYWQiOjMwMDAwMDAwMDAwMCwidXBkYXRlIjo1NDAwMDAwMDAwMDAwfX0="
        }
      ]
    },
    {
      "mode": "managed",
      "type": "azurerm_subnet",
      "name": "subnet_appgw",
      "provider": "provider[\"registry.terraform.io/hashicorp/azurerm\"]",
      "instances": [
        {
          "schema_version": 0,
          "attributes": {
            "address_prefixes": [
              "10.0.1.0/24"
            ],
            "default_outbound_access_enabled": true,
            "delegation": [],
            "enforce_private_link_endpoint_network_policies": false,
            "enforce_private_link_service_network_policies": false,
            "id": "/subscriptions/bff7c565-ed2e-48c9-bd8d-9285d45dca59/resourceGroups/rg-network/providers/Microsoft.Network/virtualNetworks/vnet-app/subnets/snet-appgw",
            "name": "snet-appgw",
            "private_endpoint_network_policies": "Enabled",
            "private_endpoint_network_policies_enabled": true,
            "private_link_service_network_policies_enabled": true,
            "resource_group_name": "rg-network",
            "service_endpoint_policy_ids": [],
            "service_endpoints": [],
            "timeouts": null,
            "virtual_network_name": "vnet-app"
          },
          "sensitive_attributes": [],
          "identity_schema_version": 0,
          "private": "eyJlMmJmYjczMC1lY2FhLTExZTYtOGY4OC0zNDM2M2JjN2M0YzAiOnsiY3JlYXRlIjoxODAwMDAwMDAwMDAwLCJkZWxldGUiOjE4MDAwMDAwMDAwMDAsInJlYWQiOjMwMDAwMDAwMDAwMCwidXBkYXRlIjoxODAwMDAwMDAwMDAwfSwic2NoZW1hX3ZlcnNpb24iOiIwIn0=",
          "dependencies": [
            "azurerm_resource_group.network",
            "azurerm_virtual_network.vnet"
          ]
        }
      ]
    },
    {
      "mode": "managed",
      "type": "azurerm_subnet",
      "name": "subnet_vm",
      "provider": "provider[\"registry.terraform.io/hashicorp/azurerm\"]",
      "instances": [
        {
          "schema_version": 0,
          "attributes": {
            "address_prefixes": [
              "10.0.2.0/24"
            ],
            "default_outbound_access_enabled": true,
            "delegation": [],
            "enforce_private_link_endpoint_network_policies": false,
            "enforce_private_link_service_network_policies": false,
            "id": "/subscriptions/bff7c565-ed2e-48c9-bd8d-9285d45dca59/resourceGroups/rg-network/providers/Microsoft.Network/virtualNetworks/vnet-app/subnets/snet-vm",
            "name": "snet-vm",
            "private_endpoint_network_policies": "Enabled",
            "private_endpoint_network_policies_enabled": true,
            "private_link_service_network_policies_enabled": true,
            "resource_group_name": "rg-network",
            "service_endpoint_policy_ids": [],
            "service_endpoints": [],
            "timeouts": null,
            "virtual_network_name": "vnet-app"
          },
          "sensitive_attributes": [],
          "identity_schema_version": 0,
          "private": "eyJlMmJmYjczMC1lY2FhLTExZTYtOGY4OC0zNDM2M2JjN2M0YzAiOnsiY3JlYXRlIjoxODAwMDAwMDAwMDAwLCJkZWxldGUiOjE4MDAwMDAwMDAwMDAsInJlYWQiOjMwMDAwMDAwMDAwMCwidXBkYXRlIjoxODAwMDAwMDAwMDAwfSwic2NoZW1hX3ZlcnNpb24iOiIwIn0=",
          "dependencies": [
            "azurerm_resource_group.network",
            "azurerm_virtual_network.vnet"
          ]
        }
      ]
    },
    {
      "mode": "managed",
      "type": "azurerm_virtual_network",
      "name": "vnet",
      "provider": "provider[\"registry.terraform.io/hashicorp/azurerm\"]",
      "instances": [
        {
          "schema_version": 0,
          "attributes": {
            "address_space": [
              "10.0.0.0/16"
            ],
            "bgp_community": "",
            "ddos_protection_plan": [],
            "dns_servers": [],
            "edge_zone": "",
            "encryption": [],
            "flow_timeout_in_minutes": 0,
            "guid": "561d3d12-890f-4edb-891f-e60e76ddd2c1",
            "id": "/subscriptions/bff7c565-ed2e-48c9-bd8d-9285d45dca59/resourceGroups/rg-network/providers/Microsoft.Network/virtualNetworks/vnet-app",
            "location": "centralus",
            "name": "vnet-app",
            "resource_group_name": "rg-network",
            "subnet": [
              {
                "address_prefix": "10.0.1.0/24",
                "id": "/subscriptions/bff7c565-ed2e-48c9-bd8d-9285d45dca59/resourceGroups/rg-network/providers/Microsoft.Network/virtualNetworks/vnet-app/subnets/snet-appgw",
                "name": "snet-appgw",
                "security_group": ""
              },
              {
                "address_prefix": "10.0.2.0/24",
                "id": "/subscriptions/bff7c565-ed2e-48c9-bd8d-9285d45dca59/resourceGroups/rg-network/providers/Microsoft.Network/virtualNetworks/vnet-app/subnets/snet-vm",
                "name": "snet-vm",
                "security_group": ""
              }
            ],
            "tags": {},
            "timeouts": null
          },
          "sensitive_attributes": [],
          "identity_schema_version": 0,
          "private": "eyJlMmJmYjczMC1lY2FhLTExZTYtOGY4OC0zNDM2M2JjN2M0YzAiOnsiY3JlYXRlIjoxODAwMDAwMDAwMDAwLCJkZWxldGUiOjE4MDAwMDAwMDAwMDAsInJlYWQiOjMwMDAwMDAwMDAwMCwidXBkYXRlIjoxODAwMDAwMDAwMDAwfSwic2NoZW1hX3ZlcnNpb24iOiIwIn0=",
          "dependencies": [
            "azurerm_resource_group.network"
          ]
        }
      ]
    }
  ],
  "check_results": null
}
