{
  "version": 4,
  "terraform_version": "1.13.5",
  "serial": 67,
  "lineage": "75753f5d-2c77-c0f4-f4dc-b11938d84c10",
  "outputs": {
    "app_gateway_public_ip": {
      "value": "172.171.0.99",
      "type": "string"
    },
    "vm_public_ip": {
      "value": "172.202.34.175",
      "type": "string"
    }
  },
  "resources": [
    {
      "mode": "managed",
      "type": "azurerm_log_analytics_workspace",
      "name": "law",
      "provider": "provider[\"registry.terraform.io/hashicorp/azurerm\"]",
      "instances": [
        {
          "schema_version": 3,
          "attributes": {
            "allow_resource_only_permissions": true,
            "cmk_for_query_forced": false,
            "daily_quota_gb": -1,
            "data_collection_rule_id": "",
            "id": "/subscriptions/bff7c565-ed2e-48c9-bd8d-9285d45dca59/resourceGroups/rg-app/providers/Microsoft.OperationalInsights/workspaces/app-law",
            "identity": [],
            "immediate_data_purge_on_30_days_enabled": false,
            "internet_ingestion_enabled": true,
            "internet_query_enabled": true,
            "local_authentication_disabled": false,
            "location": "centralus",
            "name": "app-law",
            "primary_shared_key": "lbAL0WgC/qwHsYMyNdgYd3L644V9Es0UkMkQTVPgAXZa++c2PPE2mKhAhyGCg5qu2FWOau7iCd5mMO44c50rNw==",
            "reservation_capacity_in_gb_per_day": null,
            "resource_group_name": "rg-app",
            "retention_in_days": 30,
            "secondary_shared_key": "EynB+A/LByaZJvZZKTl+ve8X2IOeYrR8QFbQY1IMnn3Y8L0U9GX6pX4EGDr06XdFiQSEq1C8ksxOGpPTjroZfw==",
            "sku": "PerGB2018",
            "tags": {},
            "timeouts": null,
            "workspace_id": "56058537-22b1-4620-8ea8-916b22bb2e85"
          },
          "sensitive_attributes": [
            [
              {
                "type": "get_attr",
                "value": "primary_shared_key"
              }
            ],
            [
              {
                "type": "get_attr",
                "value": "secondary_shared_key"
              }
            ]
          ],
          "identity_schema_version": 0,
          "private": "eyJlMmJmYjczMC1lY2FhLTExZTYtOGY4OC0zNDM2M2JjN2M0YzAiOnsiY3JlYXRlIjoxODAwMDAwMDAwMDAwLCJkZWxldGUiOjE4MDAwMDAwMDAwMDAsInJlYWQiOjMwMDAwMDAwMDAwMCwidXBkYXRlIjoxODAwMDAwMDAwMDAwfSwic2NoZW1hX3ZlcnNpb24iOiIzIn0=",
          "dependencies": [
            "azurerm_resource_group.app"
          ]
        }
      ]
    },
    {
      "mode": "managed",
      "type": "azurerm_resource_group",
      "name": "app",
      "provider": "provider[\"registry.terraform.io/hashicorp/azurerm\"]",
      "instances": [
        {
          "schema_version": 0,
          "attributes": {
            "id": "/subscriptions/bff7c565-ed2e-48c9-bd8d-9285d45dca59/resourceGroups/rg-app",
            "location": "centralus",
            "managed_by": "",
            "name": "rg-app",
            "tags": {},
            "timeouts": null
          },
          "sensitive_attributes": [],
          "identity_schema_version": 0,
          "private": "eyJlMmJmYjczMC1lY2FhLTExZTYtOGY4OC0zNDM2M2JjN2M0YzAiOnsiY3JlYXRlIjo1NDAwMDAwMDAwMDAwLCJkZWxldGUiOjU0MDAwMDAwMDAwMDAsInJlYWQiOjMwMDAwMDAwMDAwMCwidXBkYXRlIjo1NDAwMDAwMDAwMDAwfX0="
        }
      ]
    },
    {
      "mode": "managed",
      "type": "azurerm_resource_group",
      "name": "appgw",
      "provider": "provider[\"registry.terraform.io/hashicorp/azurerm\"]",
      "instances": [
        {
          "schema_version": 0,
          "attributes": {
            "id": "/subscriptions/bff7c565-ed2e-48c9-bd8d-9285d45dca59/resourceGroups/rg-appgw",
            "location": "centralus",
            "managed_by": "",
            "name": "rg-appgw",
            "tags": {},
            "timeouts": null
          },
          "sensitive_attributes": [],
          "identity_schema_version": 0,
          "private": "eyJlMmJmYjczMC1lY2FhLTExZTYtOGY4OC0zNDM2M2JjN2M0YzAiOnsiY3JlYXRlIjo1NDAwMDAwMDAwMDAwLCJkZWxldGUiOjU0MDAwMDAwMDAwMDAsInJlYWQiOjMwMDAwMDAwMDAwMCwidXBkYXRlIjo1NDAwMDAwMDAwMDAwfX0="
        }
      ]
    },
    {
      "mode": "managed",
      "type": "azurerm_resource_group",
      "name": "network",
      "provider": "provider[\"registry.terraform.io/hashicorp/azurerm\"]",
      "instances": [
        {
          "schema_version": 0,
          "attributes": {
            "id": "/subscriptions/bff7c565-ed2e-48c9-bd8d-9285d45dca59/resourceGroups/rg-network",
            "location": "centralus",
            "managed_by": "",
            "name": "rg-network",
            "tags": {},
            "timeouts": null
          },
          "sensitive_attributes": [],
          "identity_schema_version": 0,
          "private": "eyJlMmJmYjczMC1lY2FhLTExZTYtOGY4OC0zNDM2M2JjN2M0YzAiOnsiY3JlYXRlIjo1NDAwMDAwMDAwMDAwLCJkZWxldGUiOjU0MDAwMDAwMDAwMDAsInJlYWQiOjMwMDAwMDAwMDAwMCwidXBkYXRlIjo1NDAwMDAwMDAwMDAwfX0="
        }
      ]
    },
    {
      "mode": "managed",
      "type": "azurerm_virtual_network",
      "name": "vnet",
      "provider": "provider[\"registry.terraform.io/hashicorp/azurerm\"]",
      "instances": [
        {
          "schema_version": 0,
          "attributes": {
            "address_space": [
              "10.0.0.0/16"
            ],
            "bgp_community": "",
            "ddos_protection_plan": [],
            "dns_servers": [],
            "edge_zone": "",
            "encryption": [],
            "flow_timeout_in_minutes": 0,
            "guid": "561d3d12-890f-4edb-891f-e60e76ddd2c1",
            "id": "/subscriptions/bff7c565-ed2e-48c9-bd8d-9285d45dca59/resourceGroups/rg-network/providers/Microsoft.Network/virtualNetworks/vnet-app",
            "location": "centralus",
            "name": "vnet-app",
            "resource_group_name": "rg-network",
            "subnet": [
              {
                "address_prefix": "10.0.1.0/24",
                "id": "/subscriptions/bff7c565-ed2e-48c9-bd8d-9285d45dca59/resourceGroups/rg-network/providers/Microsoft.Network/virtualNetworks/vnet-app/subnets/snet-appgw",
                "name": "snet-appgw",
                "security_group": ""
              },
              {
                "address_prefix": "10.0.2.0/24",
                "id": "/subscriptions/bff7c565-ed2e-48c9-bd8d-9285d45dca59/resourceGroups/rg-network/providers/Microsoft.Network/virtualNetworks/vnet-app/subnets/snet-vm",
                "name": "snet-vm",
                "security_group": ""
              }
            ],
            "tags": {},
            "timeouts": null
          },
          "sensitive_attributes": [],
          "identity_schema_version": 0,
          "private": "eyJlMmJmYjczMC1lY2FhLTExZTYtOGY4OC0zNDM2M2JjN2M0YzAiOnsiY3JlYXRlIjoxODAwMDAwMDAwMDAwLCJkZWxldGUiOjE4MDAwMDAwMDAwMDAsInJlYWQiOjMwMDAwMDAwMDAwMCwidXBkYXRlIjoxODAwMDAwMDAwMDAwfSwic2NoZW1hX3ZlcnNpb24iOiIwIn0=",
          "dependencies": [
            "azurerm_resource_group.network"
          ]
        }
      ]
    }
  ],
  "check_results": null
}
