{
  "version": 4,
  "terraform_version": "1.13.5",
  "serial": 58,
  "lineage": "55df686c-6a14-79d6-1592-7d10a42b87d0",
  "outputs": {
    "appgw_public_ip": {
      "value": "4.247.151.190",
      "type": "string"
    },
    "vm_public_ip": {
      "value": "74.225.184.117",
      "type": "string"
    }
  },
  "resources": [
    {
      "mode": "managed",
      "type": "azurerm_application_gateway",
      "name": "appgw",
      "provider": "provider[\"registry.terraform.io/hashicorp/azurerm\"]",
      "instances": [
        {
          "schema_version": 0,
          "attributes": {
            "authentication_certificate": [],
            "autoscale_configuration": [],
            "backend_address_pool": [
              {
                "fqdns": [],
                "id": "/subscriptions/bff7c565-ed2e-48c9-bd8d-9285d45dca59/resourceGroups/rg-appgw/providers/Microsoft.Network/applicationGateways/appgw-k3s/backendAddressPools/backendpool",
                "ip_addresses": [
                  "10.0.2.4"
                ],
                "name": "backendpool"
              }
            ],
            "backend_http_settings": [
              {
                "affinity_cookie_name": "",
                "authentication_certificate": [],
                "connection_draining": [],
                "cookie_based_affinity": "Disabled",
                "dedicated_backend_connection_enabled": false,
                "host_name": "",
                "id": "/subscriptions/bff7c565-ed2e-48c9-bd8d-9285d45dca59/resourceGroups/rg-appgw/providers/Microsoft.Network/applicationGateways/appgw-k3s/backendHttpSettingsCollection/http-settings",
                "name": "http-settings",
                "path": "",
                "pick_host_name_from_backend_address": true,
                "port": 30080,
                "probe_id": "/subscriptions/bff7c565-ed2e-48c9-bd8d-9285d45dca59/resourceGroups/rg-appgw/providers/Microsoft.Network/applicationGateways/appgw-k3s/probes/k3s-probe",
                "probe_name": "k3s-probe",
                "protocol": "Http",
                "request_timeout": 30,
                "trusted_root_certificate_names": []
              }
            ],
            "custom_error_configuration": [],
            "enable_http2": false,
            "fips_enabled": false,
            "firewall_policy_id": "",
            "force_firewall_policy_association": false,
            "frontend_ip_configuration": [
              {
                "id": "/subscriptions/bff7c565-ed2e-48c9-bd8d-9285d45dca59/resourceGroups/rg-appgw/providers/Microsoft.Network/applicationGateways/appgw-k3s/frontendIPConfigurations/frontend",
                "name": "frontend",
                "private_ip_address": "",
                "private_ip_address_allocation": "Dynamic",
                "private_link_configuration_id": "",
                "private_link_configuration_name": "",
                "public_ip_address_id": "/subscriptions/bff7c565-ed2e-48c9-bd8d-9285d45dca59/resourceGroups/rg-appgw/providers/Microsoft.Network/publicIPAddresses/appgw-public-ip",
                "subnet_id": ""
              }
            ],
            "frontend_port": [
              {
                "id": "/subscriptions/bff7c565-ed2e-48c9-bd8d-9285d45dca59/resourceGroups/rg-appgw/providers/Microsoft.Network/applicationGateways/appgw-k3s/frontendPorts/port80",
                "name": "port80",
                "port": 80
              }
            ],
            "gateway_ip_configuration": [
              {
                "id": "/subscriptions/bff7c565-ed2e-48c9-bd8d-9285d45dca59/resourceGroups/rg-appgw/providers/Microsoft.Network/applicationGateways/appgw-k3s/gatewayIPConfigurations/appgw-ipconfig",
                "name": "appgw-ipconfig",
                "subnet_id": "/subscriptions/bff7c565-ed2e-48c9-bd8d-9285d45dca59/resourceGroups/rg-network/providers/Microsoft.Network/virtualNetworks/vnet-app/subnets/snet-appgw"
              }
            ],
            "global": [],
            "http_listener": [
              {
                "custom_error_configuration": [],
                "firewall_policy_id": "",
                "frontend_ip_configuration_id": "/subscriptions/bff7c565-ed2e-48c9-bd8d-9285d45dca59/resourceGroups/rg-appgw/providers/Microsoft.Network/applicationGateways/appgw-k3s/frontendIPConfigurations/frontend",
                "frontend_ip_configuration_name": "frontend",
                "frontend_port_id": "/subscriptions/bff7c565-ed2e-48c9-bd8d-9285d45dca59/resourceGroups/rg-appgw/providers/Microsoft.Network/applicationGateways/appgw-k3s/frontendPorts/port80",
                "frontend_port_name": "port80",
                "host_name": "",
                "host_names": [],
                "id": "/subscriptions/bff7c565-ed2e-48c9-bd8d-9285d45dca59/resourceGroups/rg-appgw/providers/Microsoft.Network/applicationGateways/appgw-k3s/httpListeners/listener",
                "name": "listener",
                "protocol": "Http",
                "require_sni": false,
                "ssl_certificate_id": "",
                "ssl_certificate_name": "",
                "ssl_profile_id": "",
                "ssl_profile_name": ""
              }
            ],
            "id": "/subscriptions/bff7c565-ed2e-48c9-bd8d-9285d45dca59/resourceGroups/rg-appgw/providers/Microsoft.Network/applicationGateways/appgw-k3s",
            "identity": [],
            "location": "centralindia",
            "name": "appgw-k3s",
            "private_endpoint_connection": [],
            "private_link_configuration": [],
            "probe": [
              {
                "host": "127.0.0.1",
                "id": "/subscriptions/bff7c565-ed2e-48c9-bd8d-9285d45dca59/resourceGroups/rg-appgw/providers/Microsoft.Network/applicationGateways/appgw-k3s/probes/k3s-probe",
                "interval": 30,
                "match": [
                  {
                    "body": "",
                    "status_code": [
                      "200-399"
                    ]
                  }
                ],
                "minimum_servers": 0,
                "name": "k3s-probe",
                "path": "/",
                "pick_host_name_from_backend_http_settings": false,
                "port": 30080,
                "protocol": "Http",
                "timeout": 30,
                "unhealthy_threshold": 3
              }
            ],
            "redirect_configuration": [],
            "request_routing_rule": [
              {
                "backend_address_pool_id": "/subscriptions/bff7c565-ed2e-48c9-bd8d-9285d45dca59/resourceGroups/rg-appgw/providers/Microsoft.Network/applicationGateways/appgw-k3s/backendAddressPools/backendpool",
                "backend_address_pool_name": "backendpool",
                "backend_http_settings_id": "/subscriptions/bff7c565-ed2e-48c9-bd8d-9285d45dca59/resourceGroups/rg-appgw/providers/Microsoft.Network/applicationGateways/appgw-k3s/backendHttpSettingsCollection/http-settings",
                "backend_http_settings_name": "http-settings",
                "http_listener_id": "/subscriptions/bff7c565-ed2e-48c9-bd8d-9285d45dca59/resourceGroups/rg-appgw/providers/Microsoft.Network/applicationGateways/appgw-k3s/httpListeners/listener",
                "http_listener_name": "listener",
                "id": "/subscriptions/bff7c565-ed2e-48c9-bd8d-9285d45dca59/resourceGroups/rg-appgw/providers/Microsoft.Network/applicationGateways/appgw-k3s/requestRoutingRules/rule1",
                "name": "rule1",
                "priority": 1,
                "redirect_configuration_id": "",
                "redirect_configuration_name": "",
                "rewrite_rule_set_id": "",
                "rewrite_rule_set_name": "",
                "rule_type": "Basic",
                "url_path_map_id": "",
                "url_path_map_name": ""
              }
            ],
            "resource_group_name": "rg-appgw",
            "rewrite_rule_set": [],
            "sku": [
              {
                "capacity": 1,
                "name": "WAF_v2",
                "tier": "WAF_v2"
              }
            ],
            "ssl_certificate": [],
            "ssl_policy": [
              {
                "cipher_suites": [],
                "disabled_protocols": [],
                "min_protocol_version": "",
                "policy_name": "AppGwSslPolicy20220101",
                "policy_type": "Predefined"
              }
            ],
            "ssl_profile": [],
            "tags": {},
            "timeouts": null,
            "trusted_client_certificate": [],
            "trusted_root_certificate": [],
            "url_path_map": [],
            "waf_configuration": [
              {
                "disabled_rule_group": [],
                "enabled": true,
                "exclusion": [],
                "file_upload_limit_mb": 100,
                "firewall_mode": "Detection",
                "max_request_body_size_kb": 128,
                "request_body_check": true,
                "rule_set_type": "OWASP",
                "rule_set_version": "3.2"
              }
            ],
            "zones": []
          },
          "sensitive_attributes": [],
          "identity_schema_version": 0,
          "identity": {
            "name": "appgw-k3s",
            "resource_group_name": "rg-appgw",
            "subscription_id": "bff7c565-ed2e-48c9-bd8d-9285d45dca59"
          },
          "private": "eyJlMmJmYjczMC1lY2FhLTExZTYtOGY4OC0zNDM2M2JjN2M0YzAiOnsiY3JlYXRlIjo1NDAwMDAwMDAwMDAwLCJkZWxldGUiOjU0MDAwMDAwMDAwMDAsInJlYWQiOjMwMDAwMDAwMDAwMCwidXBkYXRlIjo1NDAwMDAwMDAwMDAwfX0=",
          "dependencies": [
            "azurerm_network_interface.nic",
            "azurerm_public_ip.appgw_ip",
            "azurerm_public_ip.vm_ip",
            "azurerm_resource_group.app",
            "azurerm_resource_group.appgw",
            "azurerm_resource_group.network",
            "azurerm_subnet.subnet_appgw",
            "azurerm_subnet.subnet_vm",
            "azurerm_virtual_network.vnet"
          ]
        }
      ]
    },
    {
      "mode": "managed",
      "type": "azurerm_linux_virtual_machine",
      "name": "vm",
      "provider": "provider[\"registry.terraform.io/hashicorp/azurerm\"]",
      "instances": [
        {
          "schema_version": 0,
          "attributes": {
            "additional_capabilities": [],
            "admin_password": null,
            "admin_ssh_key": [
              {
                "public_key": "ssh-rsa AAAAB3NzaC1yc2EAAAADAQABAAACAQDNEa0LDSEv6PH1fGsnYpeg3gIy+/ZBCdsrqhHo6l/nBFTsNEqhS6VMuV1cSr/R4XFSsRRRm+mpGzYSIqSOC7DMnjGtQolD5BCIZnC5Naz3n8GggW/7kDTPLBCFQ0VAUcM2+OhglhqJadA13WEmhjmjBsPuicvPMEpcFygQKYDsXWRbv20tPFDJn2YUe+ZCZv5hFRhWDYKWHd2gseVXDP3WcxQ77IBdw9V6pPolc/IE44YR8RiRjK7f9lV2q8FWskuKW8f39LLPPe7lFS6QQbvwTf0CWBjQBZtnbIpCcPHBzJtuG58fLg4rGGTQVb365j76H5MNrY+VRbG7MITQhh20K9qJz/OhWdeZnYRwR9xm7o+QcEeQ40Qb+8B6N5aGRZDWE4/5xTW5/R/xk/Wkn9DNVuf+VXY3NwOB+ausW+oaUsyuQBDGxHqEztJfbY2V+t/VY3QdQTHkFmtfOHg4kq4BlXwS4LLHtyuWGX6s95KfL1/tR5dKpVEu0VifdeYO7B9cNgJ1gP7AM45Kjw5VkJY41qYGCY4BbooAOVfe11hZxClCISBJ7qtqZ/BD11sR+6WIhtRyjHDeSzefjHg4cahgjAN0XJnXgDuUWxyJUqX+MD7RjpRl0oCS548Vy84ZrjkPnfwn0allpQVXVtPsbTesdXJFL+KMcxNlas8Pb0bfiw== thams@THAMSEER_47\r\n",
                "username": "azureuser"
              }
            ],
            "admin_username": "azureuser",
            "allow_extension_operations": true,
            "availability_set_id": "",
            "boot_diagnostics": [],
            "bypass_platform_safety_checks_on_user_schedule_enabled": false,
            "capacity_reservation_group_id": "",
            "computer_name": "vm-k3s",
            "custom_data": null,
            "dedicated_host_group_id": "",
            "dedicated_host_id": "",
            "disable_password_authentication": true,
            "disk_controller_type": "",
            "edge_zone": "",
            "encryption_at_host_enabled": false,
            "eviction_policy": "",
            "extensions_time_budget": "PT1H30M",
            "gallery_application": [],
            "id": "/subscriptions/bff7c565-ed2e-48c9-bd8d-9285d45dca59/resourceGroups/rg-app/providers/Microsoft.Compute/virtualMachines/vm-k3s",
            "identity": [],
            "license_type": "",
            "location": "centralindia",
            "max_bid_price": -1,
            "name": "vm-k3s",
            "network_interface_ids": [
              "/subscriptions/bff7c565-ed2e-48c9-bd8d-9285d45dca59/resourceGroups/rg-app/providers/Microsoft.Network/networkInterfaces/nic-vm"
            ],
            "os_disk": [
              {
                "caching": "ReadWrite",
                "diff_disk_settings": [],
                "disk_encryption_set_id": "",
                "disk_size_gb": 30,
                "id": "/subscriptions/bff7c565-ed2e-48c9-bd8d-9285d45dca59/resourceGroups/rg-app/providers/Microsoft.Compute/disks/osdisk-k3s",
                "name": "osdisk-k3s",
                "secure_vm_disk_encryption_set_id": "",
                "security_encryption_type": "",
                "storage_account_type": "Standard_LRS",
                "write_accelerator_enabled": false
              }
            ],
            "os_image_notification": [],
            "os_managed_disk_id": "/subscriptions/bff7c565-ed2e-48c9-bd8d-9285d45dca59/resourceGroups/rg-app/providers/Microsoft.Compute/disks/osdisk-k3s",
            "patch_assessment_mode": "ImageDefault",
            "patch_mode": "ImageDefault",
            "plan": [],
            "platform_fault_domain": -1,
            "priority": "Regular",
            "private_ip_address": "10.0.2.4",
            "private_ip_addresses": [
              "10.0.2.4"
            ],
            "provision_vm_agent": true,
            "proximity_placement_group_id": "",
            "public_ip_address": "74.225.184.117",
            "public_ip_addresses": [
              "74.225.184.117"
            ],
            "reboot_setting": "",
            "resource_group_name": "rg-app",
            "secret": [],
            "secure_boot_enabled": false,
            "size": "Standard_B1s",
            "source_image_id": "",
            "source_image_reference": [
              {
                "offer": "0001-com-ubuntu-server-jammy",
                "publisher": "Canonical",
                "sku": "22_04-lts",
                "version": "latest"
              }
            ],
            "tags": {},
            "termination_notification": [],
            "timeouts": null,
            "user_data": "",
            "virtual_machine_id": "d69b8762-2bb7-4d54-a74e-a0d2f6809574",
            "virtual_machine_scale_set_id": "",
            "vm_agent_platform_updates_enabled": false,
            "vtpm_enabled": false,
            "zone": ""
          },
          "sensitive_attributes": [
            [
              {
                "type": "get_attr",
                "value": "admin_password"
              }
            ],
            [
              {
                "type": "get_attr",
                "value": "custom_data"
              }
            ]
          ],
          "identity_schema_version": 0,
          "private": "eyJlMmJmYjczMC1lY2FhLTExZTYtOGY4OC0zNDM2M2JjN2M0YzAiOnsiY3JlYXRlIjoyNzAwMDAwMDAwMDAwLCJkZWxldGUiOjI3MDAwMDAwMDAwMDAsInJlYWQiOjMwMDAwMDAwMDAwMCwidXBkYXRlIjoyNzAwMDAwMDAwMDAwfX0=",
          "dependencies": [
            "azurerm_network_interface.nic",
            "azurerm_public_ip.vm_ip",
            "azurerm_resource_group.app",
            "azurerm_resource_group.network",
            "azurerm_subnet.subnet_vm",
            "azurerm_virtual_network.vnet"
          ]
        }
      ]
    },
    {
      "mode": "managed",
      "type": "azurerm_log_analytics_workspace",
      "name": "law",
      "provider": "provider[\"registry.terraform.io/hashicorp/azurerm\"]",
      "instances": [
        {
          "schema_version": 3,
          "attributes": {
            "allow_resource_only_permissions": true,
            "cmk_for_query_forced": false,
            "daily_quota_gb": -1,
            "data_collection_rule_id": "",
            "id": "/subscriptions/bff7c565-ed2e-48c9-bd8d-9285d45dca59/resourceGroups/rg-app/providers/Microsoft.OperationalInsights/workspaces/app-law",
            "identity": [],
            "immediate_data_purge_on_30_days_enabled": false,
            "internet_ingestion_enabled": true,
            "internet_query_enabled": true,
            "local_authentication_disabled": false,
            "local_authentication_enabled": true,
            "location": "centralindia",
            "name": "app-law",
            "primary_shared_key": "z064i5rfoBo0f0IV1xvNc62L3f1mi3+UfEs9YNI7C9MZZChjypqTdVjORhlIuqq4/RfMMuivCQc7KxG92jbVJg==",
            "reservation_capacity_in_gb_per_day": null,
            "resource_group_name": "rg-app",
            "retention_in_days": 30,
            "secondary_shared_key": "mlJdA2zUNejFQkMXuMbRDJOlHtADCknU7wwUdzA2+dQ1N8M+XnyTMtsRAd3rRoi3tNyJYNQXrxLNrlW7lXeMDQ==",
            "sku": "PerGB2018",
            "tags": {},
            "timeouts": null,
            "workspace_id": "c4118489-dfa7-4c2f-8a70-3114dbe0f51a"
          },
          "sensitive_attributes": [
            [
              {
                "type": "get_attr",
                "value": "primary_shared_key"
              }
            ],
            [
              {
                "type": "get_attr",
                "value": "secondary_shared_key"
              }
            ]
          ],
          "identity_schema_version": 0,
          "private": "eyJlMmJmYjczMC1lY2FhLTExZTYtOGY4OC0zNDM2M2JjN2M0YzAiOnsiY3JlYXRlIjoxODAwMDAwMDAwMDAwLCJkZWxldGUiOjE4MDAwMDAwMDAwMDAsInJlYWQiOjMwMDAwMDAwMDAwMCwidXBkYXRlIjoxODAwMDAwMDAwMDAwfSwic2NoZW1hX3ZlcnNpb24iOiIzIn0=",
          "dependencies": [
            "azurerm_resource_group.app"
          ]
        }
      ]
    },
    {
      "mode": "managed",
      "type": "azurerm_network_interface",
      "name": "nic",
      "provider": "provider[\"registry.terraform.io/hashicorp/azurerm\"]",
      "instances": [
        {
          "schema_version": 0,
          "attributes": {
            "accelerated_networking_enabled": false,
            "applied_dns_servers": [],
            "auxiliary_mode": "",
            "auxiliary_sku": "",
            "dns_servers": [],
            "edge_zone": "",
            "id": "/subscriptions/bff7c565-ed2e-48c9-bd8d-9285d45dca59/resourceGroups/rg-app/providers/Microsoft.Network/networkInterfaces/nic-vm",
            "internal_dns_name_label": "",
            "internal_domain_name_suffix": "lf3oygnsv1uebdpvlz12a5iqbd.rx.internal.cloudapp.net",
            "ip_configuration": [
              {
                "gateway_load_balancer_frontend_ip_configuration_id": "",
                "name": "vm-ipconfig",
                "primary": true,
                "private_ip_address": "10.0.2.4",
                "private_ip_address_allocation": "Dynamic",
                "private_ip_address_version": "IPv4",
                "public_ip_address_id": "/subscriptions/bff7c565-ed2e-48c9-bd8d-9285d45dca59/resourceGroups/rg-app/providers/Microsoft.Network/publicIPAddresses/vm-public-ip",
                "subnet_id": "/subscriptions/bff7c565-ed2e-48c9-bd8d-9285d45dca59/resourceGroups/rg-network/providers/Microsoft.Network/virtualNetworks/vnet-app/subnets/snet-vm"
              }
            ],
            "ip_forwarding_enabled": false,
            "location": "centralindia",
            "mac_address": "7C-ED-8D-27-57-50",
            "name": "nic-vm",
            "private_ip_address": "10.0.2.4",
            "private_ip_addresses": [
              "10.0.2.4"
            ],
            "resource_group_name": "rg-app",
            "tags": {},
            "timeouts": null,
            "virtual_machine_id": "/subscriptions/bff7c565-ed2e-48c9-bd8d-9285d45dca59/resourceGroups/rg-app/providers/Microsoft.Compute/virtualMachines/vm-k3s"
          },
          "sensitive_attributes": [],
          "identity_schema_version": 0,
          "identity": {
            "name": "nic-vm",
            "resource_group_name": "rg-app",
            "subscription_id": "bff7c565-ed2e-48c9-bd8d-9285d45dca59"
          },
          "private": "eyJlMmJmYjczMC1lY2FhLTExZTYtOGY4OC0zNDM2M2JjN2M0YzAiOnsiY3JlYXRlIjoxODAwMDAwMDAwMDAwLCJkZWxldGUiOjE4MDAwMDAwMDAwMDAsInJlYWQiOjMwMDAwMDAwMDAwMCwidXBkYXRlIjoxODAwMDAwMDAwMDAwfX0=",
          "dependencies": [
            "azurerm_public_ip.vm_ip",
            "azurerm_resource_group.app",
            "azurerm_resource_group.network",
            "azurerm_subnet.subnet_vm",
            "azurerm_virtual_network.vnet"
          ]
        }
      ]
    },
    {
      "mode": "managed",
      "type": "azurerm_public_ip",
      "name": "appgw_ip",
      "provider": "provider[\"registry.terraform.io/hashicorp/azurerm\"]",
      "instances": [
        {
          "schema_version": 0,
          "attributes": {
            "allocation_method": "Static",
            "ddos_protection_mode": "VirtualNetworkInherited",
            "ddos_protection_plan_id": null,
            "domain_name_label": null,
            "domain_name_label_scope": null,
            "edge_zone": "",
            "fqdn": null,
            "id": "/subscriptions/bff7c565-ed2e-48c9-bd8d-9285d45dca59/resourceGroups/rg-appgw/providers/Microsoft.Network/publicIPAddresses/appgw-public-ip",
            "idle_timeout_in_minutes": 4,
            "ip_address": "4.247.151.190",
            "ip_tags": {},
            "ip_version": "IPv4",
            "location": "centralindia",
            "name": "appgw-public-ip",
            "public_ip_prefix_id": null,
            "resource_group_name": "rg-appgw",
            "reverse_fqdn": null,
            "sku": "Standard",
            "sku_tier": "Regional",
            "tags": {},
            "timeouts": null,
            "zones": []
          },
          "sensitive_attributes": [],
          "identity_schema_version": 0,
          "private": "eyJlMmJmYjczMC1lY2FhLTExZTYtOGY4OC0zNDM2M2JjN2M0YzAiOnsiY3JlYXRlIjoxODAwMDAwMDAwMDAwLCJkZWxldGUiOjE4MDAwMDAwMDAwMDAsInJlYWQiOjMwMDAwMDAwMDAwMCwidXBkYXRlIjoxODAwMDAwMDAwMDAwfX0=",
          "dependencies": [
            "azurerm_resource_group.appgw"
          ]
        }
      ]
    },
    {
      "mode": "managed",
      "type": "azurerm_public_ip",
      "name": "vm_ip",
      "provider": "provider[\"registry.terraform.io/hashicorp/azurerm\"]",
      "instances": [
        {
          "schema_version": 0,
          "attributes": {
            "allocation_method": "Static",
            "ddos_protection_mode": "VirtualNetworkInherited",
            "ddos_protection_plan_id": null,
            "domain_name_label": null,
            "domain_name_label_scope": null,
            "edge_zone": "",
            "fqdn": null,
            "id": "/subscriptions/bff7c565-ed2e-48c9-bd8d-9285d45dca59/resourceGroups/rg-app/providers/Microsoft.Network/publicIPAddresses/vm-public-ip",
            "idle_timeout_in_minutes": 4,
            "ip_address": "74.225.184.117",
            "ip_tags": {},
            "ip_version": "IPv4",
            "location": "centralindia",
            "name": "vm-public-ip",
            "public_ip_prefix_id": null,
            "resource_group_name": "rg-app",
            "reverse_fqdn": null,
            "sku": "Standard",
            "sku_tier": "Regional",
            "tags": {},
            "timeouts": null,
            "zones": []
          },
          "sensitive_attributes": [],
          "identity_schema_version": 0,
          "private": "eyJlMmJmYjczMC1lY2FhLTExZTYtOGY4OC0zNDM2M2JjN2M0YzAiOnsiY3JlYXRlIjoxODAwMDAwMDAwMDAwLCJkZWxldGUiOjE4MDAwMDAwMDAwMDAsInJlYWQiOjMwMDAwMDAwMDAwMCwidXBkYXRlIjoxODAwMDAwMDAwMDAwfX0=",
          "dependencies": [
            "azurerm_resource_group.app"
          ]
        }
      ]
    },
    {
      "mode": "managed",
      "type": "azurerm_resource_group",
      "name": "app",
      "provider": "provider[\"registry.terraform.io/hashicorp/azurerm\"]",
      "instances": [
        {
          "schema_version": 0,
          "attributes": {
            "id": "/subscriptions/bff7c565-ed2e-48c9-bd8d-9285d45dca59/resourceGroups/rg-app",
            "location": "centralindia",
            "managed_by": "",
            "name": "rg-app",
            "tags": {},
            "timeouts": null
          },
          "sensitive_attributes": [],
          "identity_schema_version": 0,
          "identity": {
            "name": "rg-app",
            "subscription_id": "bff7c565-ed2e-48c9-bd8d-9285d45dca59"
          },
          "private": "eyJlMmJmYjczMC1lY2FhLTExZTYtOGY4OC0zNDM2M2JjN2M0YzAiOnsiY3JlYXRlIjo1NDAwMDAwMDAwMDAwLCJkZWxldGUiOjU0MDAwMDAwMDAwMDAsInJlYWQiOjMwMDAwMDAwMDAwMCwidXBkYXRlIjo1NDAwMDAwMDAwMDAwfX0="
        }
      ]
    },
    {
      "mode": "managed",
      "type": "azurerm_resource_group",
      "name": "appgw",
      "provider": "provider[\"registry.terraform.io/hashicorp/azurerm\"]",
      "instances": [
        {
          "schema_version": 0,
          "attributes": {
            "id": "/subscriptions/bff7c565-ed2e-48c9-bd8d-9285d45dca59/resourceGroups/rg-appgw",
            "location": "centralindia",
            "managed_by": "",
            "name": "rg-appgw",
            "tags": {},
            "timeouts": null
          },
          "sensitive_attributes": [],
          "identity_schema_version": 0,
          "identity": {
            "name": "rg-appgw",
            "subscription_id": "bff7c565-ed2e-48c9-bd8d-9285d45dca59"
          },
          "private": "eyJlMmJmYjczMC1lY2FhLTExZTYtOGY4OC0zNDM2M2JjN2M0YzAiOnsiY3JlYXRlIjo1NDAwMDAwMDAwMDAwLCJkZWxldGUiOjU0MDAwMDAwMDAwMDAsInJlYWQiOjMwMDAwMDAwMDAwMCwidXBkYXRlIjo1NDAwMDAwMDAwMDAwfX0="
        }
      ]
    },
    {
      "mode": "managed",
      "type": "azurerm_resource_group",
      "name": "network",
      "provider": "provider[\"registry.terraform.io/hashicorp/azurerm\"]",
      "instances": [
        {
          "schema_version": 0,
          "attributes": {
            "id": "/subscriptions/bff7c565-ed2e-48c9-bd8d-9285d45dca59/resourceGroups/rg-network",
            "location": "centralindia",
            "managed_by": "",
            "name": "rg-network",
            "tags": {},
            "timeouts": null
          },
          "sensitive_attributes": [],
          "identity_schema_version": 0,
          "identity": {
            "name": "rg-network",
            "subscription_id": "bff7c565-ed2e-48c9-bd8d-9285d45dca59"
          },
          "private": "eyJlMmJmYjczMC1lY2FhLTExZTYtOGY4OC0zNDM2M2JjN2M0YzAiOnsiY3JlYXRlIjo1NDAwMDAwMDAwMDAwLCJkZWxldGUiOjU0MDAwMDAwMDAwMDAsInJlYWQiOjMwMDAwMDAwMDAwMCwidXBkYXRlIjo1NDAwMDAwMDAwMDAwfX0="
        }
      ]
    },
    {
      "mode": "managed",
      "type": "azurerm_subnet",
      "name": "subnet_appgw",
      "provider": "provider[\"registry.terraform.io/hashicorp/azurerm\"]",
      "instances": [
        {
          "schema_version": 0,
          "attributes": {
            "address_prefixes": [
              "10.0.1.0/24"
            ],
            "default_outbound_access_enabled": true,
            "delegation": [],
            "id": "/subscriptions/bff7c565-ed2e-48c9-bd8d-9285d45dca59/resourceGroups/rg-network/providers/Microsoft.Network/virtualNetworks/vnet-app/subnets/snet-appgw",
            "ip_address_pool": [],
            "name": "snet-appgw",
            "private_endpoint_network_policies": "Disabled",
            "private_link_service_network_policies_enabled": true,
            "resource_group_name": "rg-network",
            "service_endpoint_policy_ids": [],
            "service_endpoints": [],
            "sharing_scope": "",
            "timeouts": null,
            "virtual_network_name": "vnet-app"
          },
          "sensitive_attributes": [],
          "identity_schema_version": 0,
          "identity": {
            "name": "snet-appgw",
            "resource_group_name": "rg-network",
            "subscription_id": "bff7c565-ed2e-48c9-bd8d-9285d45dca59",
            "virtual_network_name": "vnet-app"
          },
          "private": "eyJlMmJmYjczMC1lY2FhLTExZTYtOGY4OC0zNDM2M2JjN2M0YzAiOnsiY3JlYXRlIjoxODAwMDAwMDAwMDAwLCJkZWxldGUiOjE4MDAwMDAwMDAwMDAsInJlYWQiOjMwMDAwMDAwMDAwMCwidXBkYXRlIjoxODAwMDAwMDAwMDAwfX0=",
          "dependencies": [
            "azurerm_resource_group.network",
            "azurerm_virtual_network.vnet"
          ]
        }
      ]
    },
    {
      "mode": "managed",
      "type": "azurerm_subnet",
      "name": "subnet_vm",
      "provider": "provider[\"registry.terraform.io/hashicorp/azurerm\"]",
      "instances": [
        {
          "schema_version": 0,
          "attributes": {
            "address_prefixes": [
              "10.0.2.0/24"
            ],
            "default_outbound_access_enabled": true,
            "delegation": [],
            "id": "/subscriptions/bff7c565-ed2e-48c9-bd8d-9285d45dca59/resourceGroups/rg-network/providers/Microsoft.Network/virtualNetworks/vnet-app/subnets/snet-vm",
            "ip_address_pool": [],
            "name": "snet-vm",
            "private_endpoint_network_policies": "Disabled",
            "private_link_service_network_policies_enabled": true,
            "resource_group_name": "rg-network",
            "service_endpoint_policy_ids": [],
            "service_endpoints": [],
            "sharing_scope": "",
            "timeouts": null,
            "virtual_network_name": "vnet-app"
          },
          "sensitive_attributes": [],
          "identity_schema_version": 0,
          "identity": {
            "name": "snet-vm",
            "resource_group_name": "rg-network",
            "subscription_id": "bff7c565-ed2e-48c9-bd8d-9285d45dca59",
            "virtual_network_name": "vnet-app"
          },
          "private": "eyJlMmJmYjczMC1lY2FhLTExZTYtOGY4OC0zNDM2M2JjN2M0YzAiOnsiY3JlYXRlIjoxODAwMDAwMDAwMDAwLCJkZWxldGUiOjE4MDAwMDAwMDAwMDAsInJlYWQiOjMwMDAwMDAwMDAwMCwidXBkYXRlIjoxODAwMDAwMDAwMDAwfX0=",
          "dependencies": [
            "azurerm_resource_group.network",
            "azurerm_virtual_network.vnet"
          ]
        }
      ]
    },
    {
      "mode": "managed",
      "type": "azurerm_virtual_network",
      "name": "vnet",
      "provider": "provider[\"registry.terraform.io/hashicorp/azurerm\"]",
      "instances": [
        {
          "schema_version": 0,
          "attributes": {
            "address_space": [
              "10.0.0.0/16"
            ],
            "bgp_community": "",
            "ddos_protection_plan": [],
            "dns_servers": [],
            "edge_zone": "",
            "encryption": [],
            "flow_timeout_in_minutes": 0,
            "guid": "19ec7a59-aeb2-40e8-8df5-5e77c07d100b",
            "id": "/subscriptions/bff7c565-ed2e-48c9-bd8d-9285d45dca59/resourceGroups/rg-network/providers/Microsoft.Network/virtualNetworks/vnet-app",
            "ip_address_pool": [],
            "location": "centralindia",
            "name": "vnet-app",
            "private_endpoint_vnet_policies": "Disabled",
            "resource_group_name": "rg-network",
            "subnet": [
              {
                "address_prefixes": [
                  "10.0.1.0/24"
                ],
                "default_outbound_access_enabled": true,
                "delegation": [],
                "id": "/subscriptions/bff7c565-ed2e-48c9-bd8d-9285d45dca59/resourceGroups/rg-network/providers/Microsoft.Network/virtualNetworks/vnet-app/subnets/snet-appgw",
                "name": "snet-appgw",
                "private_endpoint_network_policies": "Disabled",
                "private_link_service_network_policies_enabled": true,
                "route_table_id": "",
                "security_group": "",
                "service_endpoint_policy_ids": [],
                "service_endpoints": []
              },
              {
                "address_prefixes": [
                  "10.0.2.0/24"
                ],
                "default_outbound_access_enabled": true,
                "delegation": [],
                "id": "/subscriptions/bff7c565-ed2e-48c9-bd8d-9285d45dca59/resourceGroups/rg-network/providers/Microsoft.Network/virtualNetworks/vnet-app/subnets/snet-vm",
                "name": "snet-vm",
                "private_endpoint_network_policies": "Disabled",
                "private_link_service_network_policies_enabled": true,
                "route_table_id": "",
                "security_group": "",
                "service_endpoint_policy_ids": [],
                "service_endpoints": []
              }
            ],
            "tags": {},
            "timeouts": null
          },
          "sensitive_attributes": [],
          "identity_schema_version": 0,
          "identity": {
            "name": "vnet-app",
            "resource_group_name": "rg-network",
            "subscription_id": "bff7c565-ed2e-48c9-bd8d-9285d45dca59"
          },
          "private": "eyJlMmJmYjczMC1lY2FhLTExZTYtOGY4OC0zNDM2M2JjN2M0YzAiOnsiY3JlYXRlIjoxODAwMDAwMDAwMDAwLCJkZWxldGUiOjE4MDAwMDAwMDAwMDAsInJlYWQiOjMwMDAwMDAwMDAwMCwidXBkYXRlIjoxODAwMDAwMDAwMDAwfX0=",
          "dependencies": [
            "azurerm_resource_group.network"
          ]
        }
      ]
    }
  ],
  "check_results": null
}
